dependencies:
- name: orion-ld
  repository: file://../orionld
  version: 0.2.0
- name: mongodb
  repository: file://../mongodb
  version: 0.2.0
- name: mongodb
  repository: file://../mongodb
  version: 0.2.0
- name: timescale
  repository: file://../timescale
  version: 0.2.0
- name: mintaka
  repository: file://../mintaka
  version: 0.2.0
- name: mosquitto
  repository: file://../mosquitto
  version: 0.2.0
- name: iotagent-json
  repository: file://../iotagent-json
  version: 0.2.0
- name: iotagent-ul
  repository: file://../iotagent-ul
  version: 0.2.0
- name: canis-major
  repository: file://../canis-major
  version: 0.2.0
- name: muliphein
  repository: file://../muliphein
  version: 0.2.0
- name: ganache-cli
  repository: file://../ganache-cli
  version: 0.2.0
- name: vault-server
  repository: file://../vault-server
  version: 0.2.0
digest: sha256:b3491ba26a099f4f3969f09a9d130bd14410f43012a0a0e690d46b844bc2a5fc
generated: "2025-04-11T13:46:28.744582357+02:00"
